
Microsoft Visual Studio Solution File, Format Version 12.00
# Visual Studio Version 17
VisualStudioVersion = 17.7.34024.191
MinimumVisualStudioVersion = 10.0.40219.1
Project("{FAE04EC0-301F-11D3-BF4B-00C04F79EFBC}") = "MyLearningPrograms", "MyLearningPrograms\MyLearningPrograms.csproj", "{8F6C9449-F5F9-4A2B-BDF4-5F0CB5818EEF}"
EndProject
Global
	GlobalSection(SolutionConfigurationPlatforms) = preSolution
		Debug|Any CPU = Debug|Any CPU
		Release|Any CPU = Release|Any CPU
	EndGlobalSection
	GlobalSection(ProjectConfigurationPlatforms) = postSolution
		{8F6C9449-F5F9-4A2B-BDF4-5F0CB5818EEF}.Debug|Any CPU.ActiveCfg = Debug|Any CPU
		{8F6C9449-F5F9-4A2B-BDF4-5F0CB5818EEF}.Debug|Any CPU.Build.0 = Debug|Any CPU
		{8F6C9449-F5F9-4A2B-BDF4-5F0CB5818EEF}.Release|Any CPU.ActiveCfg = Release|Any CPU
		{8F6C9449-F5F9-4A2B-BDF4-5F0CB5818EEF}.Release|Any CPU.Build.0 = Release|Any CPU
	EndGlobalSection
	GlobalSection(SolutionProperties) = preSolution
		HideSolutionNode = FALSE
	EndGlobalSection
	GlobalSection(ExtensibilityGlobals) = postSolution
		SolutionGuid = {C5347EAD-D297-4154-ADB9-19E691E118C8}
	EndGlobalSection
EndGlobal
